
Microsoft Visual Studio Solution File, Format Version 12.00
# Visual Studio Version 17
VisualStudioVersion = 17.9.34622.214
MinimumVisualStudioVersion = 10.0.40219.1
Project("{FAE04EC0-301F-11D3-BF4B-00C04F79EFBC}") = "Talabat.APIs", "Talabat.APIs\Talabat.APIs.csproj", "{8F9E0B6B-F944-47FB-A28A-85EF8E5B07FD}"
EndProject
Project("{FAE04EC0-301F-11D3-BF4B-00C04F79EFBC}") = "Talabat.Core", "Talabat.Core\Talabat.Core.csproj", "{55FCABE9-B9DC-49DE-BDDC-F3CBDB7BA336}"
EndProject
Project("{FAE04EC0-301F-11D3-BF4B-00C04F79EFBC}") = "Talabat.Repository", "Talabat.Repository\Talabat.Repository.csproj", "{FCE314EE-10F9-4815-927C-1835D4FF4AFA}"
EndProject
Global
	GlobalSection(SolutionConfigurationPlatforms) = preSolution
		Debug|Any CPU = Debug|Any CPU
		Release|Any CPU = Release|Any CPU
	EndGlobalSection
	GlobalSection(ProjectConfigurationPlatforms) = postSolution
		{8F9E0B6B-F944-47FB-A28A-85EF8E5B07FD}.Debug|Any CPU.ActiveCfg = Debug|Any CPU
		{8F9E0B6B-F944-47FB-A28A-85EF8E5B07FD}.Debug|Any CPU.Build.0 = Debug|Any CPU
		{8F9E0B6B-F944-47FB-A28A-85EF8E5B07FD}.Release|Any CPU.ActiveCfg = Release|Any CPU
		{8F9E0B6B-F944-47FB-A28A-85EF8E5B07FD}.Release|Any CPU.Build.0 = Release|Any CPU
		{55FCABE9-B9DC-49DE-BDDC-F3CBDB7BA336}.Debug|Any CPU.ActiveCfg = Debug|Any CPU
		{55FCABE9-B9DC-49DE-BDDC-F3CBDB7BA336}.Debug|Any CPU.Build.0 = Debug|Any CPU
		{55FCABE9-B9DC-49DE-BDDC-F3CBDB7BA336}.Release|Any CPU.ActiveCfg = Release|Any CPU
		{55FCABE9-B9DC-49DE-BDDC-F3CBDB7BA336}.Release|Any CPU.Build.0 = Release|Any CPU
		{FCE314EE-10F9-4815-927C-1835D4FF4AFA}.Debug|Any CPU.ActiveCfg = Debug|Any CPU
		{FCE314EE-10F9-4815-927C-1835D4FF4AFA}.Debug|Any CPU.Build.0 = Debug|Any CPU
		{FCE314EE-10F9-4815-927C-1835D4FF4AFA}.Release|Any CPU.ActiveCfg = Release|Any CPU
		{FCE314EE-10F9-4815-927C-1835D4FF4AFA}.Release|Any CPU.Build.0 = Release|Any CPU
	EndGlobalSection
	GlobalSection(SolutionProperties) = preSolution
		HideSolutionNode = FALSE
	EndGlobalSection
	GlobalSection(ExtensibilityGlobals) = postSolution
		SolutionGuid = {49B412EC-4B09-4486-A1C2-C21E031B8C1E}
	EndGlobalSection
EndGlobal
